
Microsoft Visual Studio Solution File, Format Version 12.00
# Visual Studio Version 17
VisualStudioVersion = 17.4.33213.308
MinimumVisualStudioVersion = 10.0.40219.1
Project("{FAE04EC0-301F-11D3-BF4B-00C04F79EFBC}") = "JuegoPiedraPapelTijera", "JuegoPiedraPapelTijera.csproj", "{2FF89A4A-92D5-4152-865B-DC09FF7A28BB}"
EndProject
Global
	GlobalSection(SolutionConfigurationPlatforms) = preSolution
		Debug|Any CPU = Debug|Any CPU
		Release|Any CPU = Release|Any CPU
	EndGlobalSection
	GlobalSection(ProjectConfigurationPlatforms) = postSolution
		{2FF89A4A-92D5-4152-865B-DC09FF7A28BB}.Debug|Any CPU.ActiveCfg = Debug|Any CPU
		{2FF89A4A-92D5-4152-865B-DC09FF7A28BB}.Debug|Any CPU.Build.0 = Debug|Any CPU
		{2FF89A4A-92D5-4152-865B-DC09FF7A28BB}.Release|Any CPU.ActiveCfg = Release|Any CPU
		{2FF89A4A-92D5-4152-865B-DC09FF7A28BB}.Release|Any CPU.Build.0 = Release|Any CPU
	EndGlobalSection
	GlobalSection(SolutionProperties) = preSolution
		HideSolutionNode = FALSE
	EndGlobalSection
	GlobalSection(ExtensibilityGlobals) = postSolution
		SolutionGuid = {FFDEA531-F925-4299-AEF4-033F6E7DF699}
	EndGlobalSection
EndGlobal
